
Microsoft Visual Studio Solution File, Format Version 12.00
# Visual Studio Version 17
VisualStudioVersion = 17.2.32616.157
MinimumVisualStudioVersion = 10.0.40219.1
Project("{FAE04EC0-301F-11D3-BF4B-00C04F79EFBC}") = "SobrePosicaoVirtualOverrideBase", "SobrePosicaoVirtualOverrideBase\SobrePosicaoVirtualOverrideBase.csproj", "{0766AA06-0FDC-4FE0-977B-E08C0395CFC4}"
EndProject
Global
	GlobalSection(SolutionConfigurationPlatforms) = preSolution
		Debug|Any CPU = Debug|Any CPU
		Release|Any CPU = Release|Any CPU
	EndGlobalSection
	GlobalSection(ProjectConfigurationPlatforms) = postSolution
		{0766AA06-0FDC-4FE0-977B-E08C0395CFC4}.Debug|Any CPU.ActiveCfg = Debug|Any CPU
		{0766AA06-0FDC-4FE0-977B-E08C0395CFC4}.Debug|Any CPU.Build.0 = Debug|Any CPU
		{0766AA06-0FDC-4FE0-977B-E08C0395CFC4}.Release|Any CPU.ActiveCfg = Release|Any CPU
		{0766AA06-0FDC-4FE0-977B-E08C0395CFC4}.Release|Any CPU.Build.0 = Release|Any CPU
	EndGlobalSection
	GlobalSection(SolutionProperties) = preSolution
		HideSolutionNode = FALSE
	EndGlobalSection
	GlobalSection(ExtensibilityGlobals) = postSolution
		SolutionGuid = {25B373B3-759B-46C7-B68B-0685F0FF1F27}
	EndGlobalSection
EndGlobal
