
Microsoft Visual Studio Solution File, Format Version 12.00
# Visual Studio Version 17
VisualStudioVersion = 17.2.32616.157
MinimumVisualStudioVersion = 10.0.40219.1
Project("{FAE04EC0-301F-11D3-BF4B-00C04F79EFBC}") = "ExercicioPropExcecoes", "ExercicioPropExcecoes\ExercicioPropExcecoes.csproj", "{FD2FD3C1-95CB-462D-9A0F-A4628E1878D1}"
EndProject
Global
	GlobalSection(SolutionConfigurationPlatforms) = preSolution
		Debug|Any CPU = Debug|Any CPU
		Release|Any CPU = Release|Any CPU
	EndGlobalSection
	GlobalSection(ProjectConfigurationPlatforms) = postSolution
		{FD2FD3C1-95CB-462D-9A0F-A4628E1878D1}.Debug|Any CPU.ActiveCfg = Debug|Any CPU
		{FD2FD3C1-95CB-462D-9A0F-A4628E1878D1}.Debug|Any CPU.Build.0 = Debug|Any CPU
		{FD2FD3C1-95CB-462D-9A0F-A4628E1878D1}.Release|Any CPU.ActiveCfg = Release|Any CPU
		{FD2FD3C1-95CB-462D-9A0F-A4628E1878D1}.Release|Any CPU.Build.0 = Release|Any CPU
	EndGlobalSection
	GlobalSection(SolutionProperties) = preSolution
		HideSolutionNode = FALSE
	EndGlobalSection
	GlobalSection(ExtensibilityGlobals) = postSolution
		SolutionGuid = {C40451EF-AC98-4932-8E70-B6B5F2A70474}
	EndGlobalSection
EndGlobal
