
Microsoft Visual Studio Solution File, Format Version 12.00
# Visual Studio Version 17
VisualStudioVersion = 17.2.32616.157
MinimumVisualStudioVersion = 10.0.40219.1
Project("{FAE04EC0-301F-11D3-BF4B-00C04F79EFBC}") = "TryCatch", "TryCatch\TryCatch.csproj", "{520A7473-BA35-4A5B-B95C-63450317AFFE}"
EndProject
Global
	GlobalSection(SolutionConfigurationPlatforms) = preSolution
		Debug|Any CPU = Debug|Any CPU
		Release|Any CPU = Release|Any CPU
	EndGlobalSection
	GlobalSection(ProjectConfigurationPlatforms) = postSolution
		{520A7473-BA35-4A5B-B95C-63450317AFFE}.Debug|Any CPU.ActiveCfg = Debug|Any CPU
		{520A7473-BA35-4A5B-B95C-63450317AFFE}.Debug|Any CPU.Build.0 = Debug|Any CPU
		{520A7473-BA35-4A5B-B95C-63450317AFFE}.Release|Any CPU.ActiveCfg = Release|Any CPU
		{520A7473-BA35-4A5B-B95C-63450317AFFE}.Release|Any CPU.Build.0 = Release|Any CPU
	EndGlobalSection
	GlobalSection(SolutionProperties) = preSolution
		HideSolutionNode = FALSE
	EndGlobalSection
	GlobalSection(ExtensibilityGlobals) = postSolution
		SolutionGuid = {85FB7EEA-5BB7-46A8-80F5-BF5D6F2756F5}
	EndGlobalSection
EndGlobal
